
Microsoft Visual Studio Solution File, Format Version 12.00
# Visual Studio Version 16
VisualStudioVersion = 16.0.30804.86
MinimumVisualStudioVersion = 10.0.40219.1
Project("{FAE04EC0-301F-11D3-BF4B-00C04F79EFBC}") = "DuplicatesInAnArray", "DuplicatesInAnArray\DuplicatesInAnArray.csproj", "{2FC8BAC6-536E-48F2-B0CF-8F180FE85DC1}"
EndProject
Global
	GlobalSection(SolutionConfigurationPlatforms) = preSolution
		Debug|Any CPU = Debug|Any CPU
		Release|Any CPU = Release|Any CPU
	EndGlobalSection
	GlobalSection(ProjectConfigurationPlatforms) = postSolution
		{2FC8BAC6-536E-48F2-B0CF-8F180FE85DC1}.Debug|Any CPU.ActiveCfg = Debug|Any CPU
		{2FC8BAC6-536E-48F2-B0CF-8F180FE85DC1}.Debug|Any CPU.Build.0 = Debug|Any CPU
		{2FC8BAC6-536E-48F2-B0CF-8F180FE85DC1}.Release|Any CPU.ActiveCfg = Release|Any CPU
		{2FC8BAC6-536E-48F2-B0CF-8F180FE85DC1}.Release|Any CPU.Build.0 = Release|Any CPU
	EndGlobalSection
	GlobalSection(SolutionProperties) = preSolution
		HideSolutionNode = FALSE
	EndGlobalSection
	GlobalSection(ExtensibilityGlobals) = postSolution
		SolutionGuid = {1DD8C485-3D0D-44A5-A60B-78FEC6337178}
	EndGlobalSection
EndGlobal
